
Microsoft Visual Studio Solution File, Format Version 12.00
# Visual Studio Version 17
VisualStudioVersion = 17.5.002.0
MinimumVisualStudioVersion = 10.0.40219.1
Project("{9A19103F-16F7-4668-BE54-9A1E7A4F7556}") = "webutvikling", "webutvikling.csproj", "{EE8CF342-D309-4113-B12A-318A0D98DAC4}"
EndProject
Global
	GlobalSection(SolutionConfigurationPlatforms) = preSolution
		Debug|Any CPU = Debug|Any CPU
		Release|Any CPU = Release|Any CPU
	EndGlobalSection
	GlobalSection(ProjectConfigurationPlatforms) = postSolution
		{EE8CF342-D309-4113-B12A-318A0D98DAC4}.Debug|Any CPU.ActiveCfg = Debug|Any CPU
		{EE8CF342-D309-4113-B12A-318A0D98DAC4}.Debug|Any CPU.Build.0 = Debug|Any CPU
		{EE8CF342-D309-4113-B12A-318A0D98DAC4}.Release|Any CPU.ActiveCfg = Release|Any CPU
		{EE8CF342-D309-4113-B12A-318A0D98DAC4}.Release|Any CPU.Build.0 = Release|Any CPU
	EndGlobalSection
	GlobalSection(SolutionProperties) = preSolution
		HideSolutionNode = FALSE
	EndGlobalSection
	GlobalSection(ExtensibilityGlobals) = postSolution
		SolutionGuid = {F656B945-F421-4733-80B3-4BA24BDAB9BA}
	EndGlobalSection
EndGlobal
